
Microsoft Visual Studio Solution File, Format Version 12.00
# Visual Studio Version 16
VisualStudioVersion = 16.0.30523.141
MinimumVisualStudioVersion = 10.0.40219.1
Project("{FAE04EC0-301F-11D3-BF4B-00C04F79EFBC}") = "TimeCard", "TimeCard\TimeCard.csproj", "{71A751D5-AC0E-4A17-AB54-E36449F6DBDE}"
EndProject
Global
	GlobalSection(SolutionConfigurationPlatforms) = preSolution
		Debug|Any CPU = Debug|Any CPU
		Release|Any CPU = Release|Any CPU
	EndGlobalSection
	GlobalSection(ProjectConfigurationPlatforms) = postSolution
		{71A751D5-AC0E-4A17-AB54-E36449F6DBDE}.Debug|Any CPU.ActiveCfg = Debug|Any CPU
		{71A751D5-AC0E-4A17-AB54-E36449F6DBDE}.Debug|Any CPU.Build.0 = Debug|Any CPU
		{71A751D5-AC0E-4A17-AB54-E36449F6DBDE}.Release|Any CPU.ActiveCfg = Release|Any CPU
		{71A751D5-AC0E-4A17-AB54-E36449F6DBDE}.Release|Any CPU.Build.0 = Release|Any CPU
	EndGlobalSection
	GlobalSection(SolutionProperties) = preSolution
		HideSolutionNode = FALSE
	EndGlobalSection
	GlobalSection(ExtensibilityGlobals) = postSolution
		SolutionGuid = {A306A110-AD76-4886-9E5F-8C4DD71B2C9D}
	EndGlobalSection
EndGlobal
