
Microsoft Visual Studio Solution File, Format Version 12.00
# Visual Studio Version 16
VisualStudioVersion = 16.0.30523.141
MinimumVisualStudioVersion = 10.0.40219.1
Project("{FAE04EC0-301F-11D3-BF4B-00C04F79EFBC}") = "morashportal", "morashportal\morashportal.csproj", "{C3609D08-B804-4BBF-B893-68AF45321DCD}"
EndProject
Global
	GlobalSection(SolutionConfigurationPlatforms) = preSolution
		Debug|Any CPU = Debug|Any CPU
		Release|Any CPU = Release|Any CPU
	EndGlobalSection
	GlobalSection(ProjectConfigurationPlatforms) = postSolution
		{C3609D08-B804-4BBF-B893-68AF45321DCD}.Debug|Any CPU.ActiveCfg = Debug|Any CPU
		{C3609D08-B804-4BBF-B893-68AF45321DCD}.Debug|Any CPU.Build.0 = Debug|Any CPU
		{C3609D08-B804-4BBF-B893-68AF45321DCD}.Release|Any CPU.ActiveCfg = Release|Any CPU
		{C3609D08-B804-4BBF-B893-68AF45321DCD}.Release|Any CPU.Build.0 = Release|Any CPU
	EndGlobalSection
	GlobalSection(SolutionProperties) = preSolution
		HideSolutionNode = FALSE
	EndGlobalSection
	GlobalSection(ExtensibilityGlobals) = postSolution
		SolutionGuid = {9431B26A-49DE-4926-80CF-74BA91829809}
	EndGlobalSection
EndGlobal
